
Microsoft Visual Studio Solution File, Format Version 12.00
# Visual Studio Version 17
VisualStudioVersion = 17.14.36429.23 d17.14
MinimumVisualStudioVersion = 10.0.40219.1
Project("{8BC9CEB8-8B4A-11D0-8D11-00A0C91BC942}") = "02_TexFilterMode", "02_TexFilterMode.vcxproj", "{D43A1E6F-A031-4A72-B507-A98E53B2D553}"
EndProject
Global
	GlobalSection(SolutionConfigurationPlatforms) = preSolution
		Debug|x64 = Debug|x64
		Debug|x86 = Debug|x86
		Release|x64 = Release|x64
		Release|x86 = Release|x86
	EndGlobalSection
	GlobalSection(ProjectConfigurationPlatforms) = postSolution
		{D43A1E6F-A031-4A72-B507-A98E53B2D553}.Debug|x64.ActiveCfg = Debug|x64
		{D43A1E6F-A031-4A72-B507-A98E53B2D553}.Debug|x64.Build.0 = Debug|x64
		{D43A1E6F-A031-4A72-B507-A98E53B2D553}.Debug|x86.ActiveCfg = Debug|Win32
		{D43A1E6F-A031-4A72-B507-A98E53B2D553}.Debug|x86.Build.0 = Debug|Win32
		{D43A1E6F-A031-4A72-B507-A98E53B2D553}.Release|x64.ActiveCfg = Release|x64
		{D43A1E6F-A031-4A72-B507-A98E53B2D553}.Release|x64.Build.0 = Release|x64
		{D43A1E6F-A031-4A72-B507-A98E53B2D553}.Release|x86.ActiveCfg = Release|Win32
		{D43A1E6F-A031-4A72-B507-A98E53B2D553}.Release|x86.Build.0 = Release|Win32
	EndGlobalSection
	GlobalSection(SolutionProperties) = preSolution
		HideSolutionNode = FALSE
	EndGlobalSection
	GlobalSection(ExtensibilityGlobals) = postSolution
		SolutionGuid = {5F5394F7-4F0A-41D9-A573-423D2430DAAC}
	EndGlobalSection
EndGlobal
