
Microsoft Visual Studio Solution File, Format Version 12.00
# Visual Studio Version 17
VisualStudioVersion = 17.14.36429.23 d17.14
MinimumVisualStudioVersion = 10.0.40219.1
Project("{8BC9CEB8-8B4A-11D0-8D11-00A0C91BC942}") = "01_ZTest", "01_ZTest.vcxproj", "{F55F83B6-205F-407D-BC42-06D5FF2D5BAC}"
EndProject
Global
	GlobalSection(SolutionConfigurationPlatforms) = preSolution
		Debug|x64 = Debug|x64
		Debug|x86 = Debug|x86
		Release|x64 = Release|x64
		Release|x86 = Release|x86
	EndGlobalSection
	GlobalSection(ProjectConfigurationPlatforms) = postSolution
		{F55F83B6-205F-407D-BC42-06D5FF2D5BAC}.Debug|x64.ActiveCfg = Debug|x64
		{F55F83B6-205F-407D-BC42-06D5FF2D5BAC}.Debug|x64.Build.0 = Debug|x64
		{F55F83B6-205F-407D-BC42-06D5FF2D5BAC}.Debug|x86.ActiveCfg = Debug|Win32
		{F55F83B6-205F-407D-BC42-06D5FF2D5BAC}.Debug|x86.Build.0 = Debug|Win32
		{F55F83B6-205F-407D-BC42-06D5FF2D5BAC}.Release|x64.ActiveCfg = Release|x64
		{F55F83B6-205F-407D-BC42-06D5FF2D5BAC}.Release|x64.Build.0 = Release|x64
		{F55F83B6-205F-407D-BC42-06D5FF2D5BAC}.Release|x86.ActiveCfg = Release|Win32
		{F55F83B6-205F-407D-BC42-06D5FF2D5BAC}.Release|x86.Build.0 = Release|Win32
	EndGlobalSection
	GlobalSection(SolutionProperties) = preSolution
		HideSolutionNode = FALSE
	EndGlobalSection
	GlobalSection(ExtensibilityGlobals) = postSolution
		SolutionGuid = {4FE03D54-ABB0-483B-914E-012F80D0FBA0}
	EndGlobalSection
EndGlobal
